
Microsoft Visual Studio Solution File, Format Version 12.00
# Visual Studio Version 17
VisualStudioVersion = 17.6.33829.357
MinimumVisualStudioVersion = 10.0.40219.1
Project("{8BC9CEB8-8B4A-11D0-8D11-00A0C91BC942}") = "BackJoon_Solve", "BackJoon_Solve\BackJoon_Solve.vcxproj", "{11A6AE3A-16CA-40F3-B91F-3545E0ACE4D0}"
EndProject
Project("{888888A0-9F3D-457C-B088-3A5042F75D52}") = "solve-python", "solve-python\solve-python.pyproj", "{90A6F436-03C3-4B2C-9C14-A6CDF115D8CE}"
EndProject
Global
	GlobalSection(SolutionConfigurationPlatforms) = preSolution
		Debug|Any CPU = Debug|Any CPU
		Debug|x64 = Debug|x64
		Debug|x86 = Debug|x86
		Release|Any CPU = Release|Any CPU
		Release|x64 = Release|x64
		Release|x86 = Release|x86
	EndGlobalSection
	GlobalSection(ProjectConfigurationPlatforms) = postSolution
		{11A6AE3A-16CA-40F3-B91F-3545E0ACE4D0}.Debug|Any CPU.ActiveCfg = Debug|x64
		{11A6AE3A-16CA-40F3-B91F-3545E0ACE4D0}.Debug|x64.ActiveCfg = Debug|x64
		{11A6AE3A-16CA-40F3-B91F-3545E0ACE4D0}.Debug|x64.Build.0 = Debug|x64
		{11A6AE3A-16CA-40F3-B91F-3545E0ACE4D0}.Debug|x86.ActiveCfg = Debug|Win32
		{11A6AE3A-16CA-40F3-B91F-3545E0ACE4D0}.Debug|x86.Build.0 = Debug|Win32
		{11A6AE3A-16CA-40F3-B91F-3545E0ACE4D0}.Release|Any CPU.ActiveCfg = Release|x64
		{11A6AE3A-16CA-40F3-B91F-3545E0ACE4D0}.Release|x64.ActiveCfg = Release|x64
		{11A6AE3A-16CA-40F3-B91F-3545E0ACE4D0}.Release|x64.Build.0 = Release|x64
		{11A6AE3A-16CA-40F3-B91F-3545E0ACE4D0}.Release|x86.ActiveCfg = Release|Win32
		{11A6AE3A-16CA-40F3-B91F-3545E0ACE4D0}.Release|x86.Build.0 = Release|Win32
		{90A6F436-03C3-4B2C-9C14-A6CDF115D8CE}.Debug|Any CPU.ActiveCfg = Debug|Any CPU
		{90A6F436-03C3-4B2C-9C14-A6CDF115D8CE}.Debug|x64.ActiveCfg = Debug|Any CPU
		{90A6F436-03C3-4B2C-9C14-A6CDF115D8CE}.Debug|x86.ActiveCfg = Debug|Any CPU
		{90A6F436-03C3-4B2C-9C14-A6CDF115D8CE}.Release|Any CPU.ActiveCfg = Release|Any CPU
		{90A6F436-03C3-4B2C-9C14-A6CDF115D8CE}.Release|x64.ActiveCfg = Release|Any CPU
		{90A6F436-03C3-4B2C-9C14-A6CDF115D8CE}.Release|x86.ActiveCfg = Release|Any CPU
	EndGlobalSection
	GlobalSection(SolutionProperties) = preSolution
		HideSolutionNode = FALSE
	EndGlobalSection
	GlobalSection(ExtensibilityGlobals) = postSolution
		SolutionGuid = {679849CA-43B5-40F0-AA6A-421A42104ECE}
	EndGlobalSection
EndGlobal
